
Microsoft Visual Studio Solution File, Format Version 12.00
# Visual Studio Version 17
VisualStudioVersion = 17.7.34031.279
MinimumVisualStudioVersion = 10.0.40219.1
Project("{FAE04EC0-301F-11D3-BF4B-00C04F79EFBC}") = "Ejercicio2", "Ejercicio2\Ejercicio2.csproj", "{FBF9BCCE-207B-4823-AC36-FA28898F69B1}"
EndProject
Project("{FAE04EC0-301F-11D3-BF4B-00C04F79EFBC}") = "Ejercicio3", "Ejercicio3\Ejercicio3.csproj", "{8D8D0864-C443-44A8-8903-14223B9A2E6E}"
EndProject
Project("{FAE04EC0-301F-11D3-BF4B-00C04F79EFBC}") = "Ejercicio1", "Ejercicio1\Ejercicio1.csproj", "{70AB8B87-1597-41B9-8E9F-CE4376708DA1}"
EndProject
Global
	GlobalSection(SolutionConfigurationPlatforms) = preSolution
		Debug|Any CPU = Debug|Any CPU
		Release|Any CPU = Release|Any CPU
	EndGlobalSection
	GlobalSection(ProjectConfigurationPlatforms) = postSolution
		{FBF9BCCE-207B-4823-AC36-FA28898F69B1}.Debug|Any CPU.ActiveCfg = Debug|Any CPU
		{FBF9BCCE-207B-4823-AC36-FA28898F69B1}.Debug|Any CPU.Build.0 = Debug|Any CPU
		{FBF9BCCE-207B-4823-AC36-FA28898F69B1}.Release|Any CPU.ActiveCfg = Release|Any CPU
		{FBF9BCCE-207B-4823-AC36-FA28898F69B1}.Release|Any CPU.Build.0 = Release|Any CPU
		{8D8D0864-C443-44A8-8903-14223B9A2E6E}.Debug|Any CPU.ActiveCfg = Debug|Any CPU
		{8D8D0864-C443-44A8-8903-14223B9A2E6E}.Debug|Any CPU.Build.0 = Debug|Any CPU
		{8D8D0864-C443-44A8-8903-14223B9A2E6E}.Release|Any CPU.ActiveCfg = Release|Any CPU
		{8D8D0864-C443-44A8-8903-14223B9A2E6E}.Release|Any CPU.Build.0 = Release|Any CPU
		{70AB8B87-1597-41B9-8E9F-CE4376708DA1}.Debug|Any CPU.ActiveCfg = Debug|Any CPU
		{70AB8B87-1597-41B9-8E9F-CE4376708DA1}.Debug|Any CPU.Build.0 = Debug|Any CPU
		{70AB8B87-1597-41B9-8E9F-CE4376708DA1}.Release|Any CPU.ActiveCfg = Release|Any CPU
		{70AB8B87-1597-41B9-8E9F-CE4376708DA1}.Release|Any CPU.Build.0 = Release|Any CPU
	EndGlobalSection
	GlobalSection(SolutionProperties) = preSolution
		HideSolutionNode = FALSE
	EndGlobalSection
	GlobalSection(ExtensibilityGlobals) = postSolution
		SolutionGuid = {ADAAFEA5-79A0-4988-BDBB-303EA27F154E}
	EndGlobalSection
EndGlobal
